
Microsoft Visual Studio Solution File, Format Version 12.00
# Visual Studio Version 17
VisualStudioVersion = 17.3.32804.467
MinimumVisualStudioVersion = 10.0.40219.1
Project("{2150E333-8FDC-42A3-9474-1A3956D46DE8}") = "Patterns", "Patterns", "{CEFE4DA8-E4D6-4A30-945B-921627160534}"
EndProject
Project("{2150E333-8FDC-42A3-9474-1A3956D46DE8}") = "GenerativePatterns", "GenerativePatterns", "{E7FE6615-8E86-4BC0-ABDC-7C347B0FE26D}"
EndProject
Project("{9A19103F-16F7-4668-BE54-9A1E7A4F7556}") = "Strategy", "Patterns\GenerativePatterns\Strategy\Strategy.csproj", "{2C393D65-F5B1-4BC0-A361-C3ECE9EFFC68}"
EndProject
Project("{FAE04EC0-301F-11D3-BF4B-00C04F79EFBC}") = "Observer", "Patterns\GenerativePatterns\Observer\Observer.csproj", "{D999C209-CFB0-42A8-BC95-28DB7C042348}"
EndProject
Global
	GlobalSection(SolutionConfigurationPlatforms) = preSolution
		Debug|Any CPU = Debug|Any CPU
		Release|Any CPU = Release|Any CPU
	EndGlobalSection
	GlobalSection(ProjectConfigurationPlatforms) = postSolution
		{2C393D65-F5B1-4BC0-A361-C3ECE9EFFC68}.Debug|Any CPU.ActiveCfg = Debug|Any CPU
		{2C393D65-F5B1-4BC0-A361-C3ECE9EFFC68}.Debug|Any CPU.Build.0 = Debug|Any CPU
		{2C393D65-F5B1-4BC0-A361-C3ECE9EFFC68}.Release|Any CPU.ActiveCfg = Release|Any CPU
		{2C393D65-F5B1-4BC0-A361-C3ECE9EFFC68}.Release|Any CPU.Build.0 = Release|Any CPU
		{D999C209-CFB0-42A8-BC95-28DB7C042348}.Debug|Any CPU.ActiveCfg = Debug|Any CPU
		{D999C209-CFB0-42A8-BC95-28DB7C042348}.Debug|Any CPU.Build.0 = Debug|Any CPU
		{D999C209-CFB0-42A8-BC95-28DB7C042348}.Release|Any CPU.ActiveCfg = Release|Any CPU
		{D999C209-CFB0-42A8-BC95-28DB7C042348}.Release|Any CPU.Build.0 = Release|Any CPU
	EndGlobalSection
	GlobalSection(SolutionProperties) = preSolution
		HideSolutionNode = FALSE
	EndGlobalSection
	GlobalSection(NestedProjects) = preSolution
		{E7FE6615-8E86-4BC0-ABDC-7C347B0FE26D} = {CEFE4DA8-E4D6-4A30-945B-921627160534}
		{2C393D65-F5B1-4BC0-A361-C3ECE9EFFC68} = {E7FE6615-8E86-4BC0-ABDC-7C347B0FE26D}
		{D999C209-CFB0-42A8-BC95-28DB7C042348} = {E7FE6615-8E86-4BC0-ABDC-7C347B0FE26D}
	EndGlobalSection
	GlobalSection(ExtensibilityGlobals) = postSolution
		SolutionGuid = {A31E498C-9A30-4198-8B4A-CD603DB60ABC}
	EndGlobalSection
EndGlobal
