
Microsoft Visual Studio Solution File, Format Version 12.00
# Visual Studio Version 17
VisualStudioVersion = 17.3.32804.467
MinimumVisualStudioVersion = 10.0.40219.1
Project("{2150E333-8FDC-42A3-9474-1A3956D46DE8}") = "Patterns", "Patterns", "{CEFE4DA8-E4D6-4A30-945B-921627160534}"
EndProject
Project("{9A19103F-16F7-4668-BE54-9A1E7A4F7556}") = "Strategy", "Patterns\BehavioralPatterns\Strategy\Strategy.csproj", "{2C393D65-F5B1-4BC0-A361-C3ECE9EFFC68}"
EndProject
Project("{9A19103F-16F7-4668-BE54-9A1E7A4F7556}") = "Observer", "Patterns\BehavioralPatterns\Observer\Observer.csproj", "{D999C209-CFB0-42A8-BC95-28DB7C042348}"
EndProject
Project("{2150E333-8FDC-42A3-9474-1A3956D46DE8}") = "StructuralPatterns", "StructuralPatterns", "{AD0A2A71-7EC1-48E4-BF62-47E027614890}"
EndProject
Project("{2150E333-8FDC-42A3-9474-1A3956D46DE8}") = "BehavioralPatterns", "BehavioralPatterns", "{B226164E-CB2B-49D5-8672-C47910892A32}"
EndProject
Project("{2150E333-8FDC-42A3-9474-1A3956D46DE8}") = "GenerativePatterns", "GenerativePatterns", "{475F7C7E-DB2C-4454-BBB9-6CFFA8BF15B4}"
EndProject
Project("{9A19103F-16F7-4668-BE54-9A1E7A4F7556}") = "Decorator", "Patterns\StructuralPatterns\Decorator\Decorator.csproj", "{72A9AF57-9F56-4E89-9020-4EFACD51624B}"
EndProject
Project("{9A19103F-16F7-4668-BE54-9A1E7A4F7556}") = "FactoryMethod", "Patterns\GenerativePatterns\FactoryMethod\FactoryMethod.csproj", "{3D90B643-9F76-434C-BE87-8E74BCF63972}"
EndProject
Project("{9A19103F-16F7-4668-BE54-9A1E7A4F7556}") = "AbstractFactory", "Patterns\GenerativePatterns\AbstractFactory\AbstractFactory.csproj", "{8AFCEDCE-CA3F-4982-A5DE-89973E2EF94A}"
EndProject
Project("{9A19103F-16F7-4668-BE54-9A1E7A4F7556}") = "Singleton", "Patterns\GenerativePatterns\Singleton\Singleton.csproj", "{27967A2A-260B-4945-9411-F5F97187F4C1}"
EndProject
Project("{9A19103F-16F7-4668-BE54-9A1E7A4F7556}") = "Prototype", "Patterns\GenerativePatterns\Prototype\Prototype.csproj", "{F1C10ECF-908D-4E43-8F98-4A14816959E0}"
EndProject
Project("{FAE04EC0-301F-11D3-BF4B-00C04F79EFBC}") = "Builder", "Patterns\GenerativePatterns\Builder\Builder.csproj", "{12F49E33-2EE5-469D-AB92-A2615FF02799}"
EndProject
Global
	GlobalSection(SolutionConfigurationPlatforms) = preSolution
		Debug|Any CPU = Debug|Any CPU
		Release|Any CPU = Release|Any CPU
	EndGlobalSection
	GlobalSection(ProjectConfigurationPlatforms) = postSolution
		{2C393D65-F5B1-4BC0-A361-C3ECE9EFFC68}.Debug|Any CPU.ActiveCfg = Debug|Any CPU
		{2C393D65-F5B1-4BC0-A361-C3ECE9EFFC68}.Debug|Any CPU.Build.0 = Debug|Any CPU
		{2C393D65-F5B1-4BC0-A361-C3ECE9EFFC68}.Release|Any CPU.ActiveCfg = Release|Any CPU
		{2C393D65-F5B1-4BC0-A361-C3ECE9EFFC68}.Release|Any CPU.Build.0 = Release|Any CPU
		{D999C209-CFB0-42A8-BC95-28DB7C042348}.Debug|Any CPU.ActiveCfg = Debug|Any CPU
		{D999C209-CFB0-42A8-BC95-28DB7C042348}.Debug|Any CPU.Build.0 = Debug|Any CPU
		{D999C209-CFB0-42A8-BC95-28DB7C042348}.Release|Any CPU.ActiveCfg = Release|Any CPU
		{D999C209-CFB0-42A8-BC95-28DB7C042348}.Release|Any CPU.Build.0 = Release|Any CPU
		{72A9AF57-9F56-4E89-9020-4EFACD51624B}.Debug|Any CPU.ActiveCfg = Debug|Any CPU
		{72A9AF57-9F56-4E89-9020-4EFACD51624B}.Debug|Any CPU.Build.0 = Debug|Any CPU
		{72A9AF57-9F56-4E89-9020-4EFACD51624B}.Release|Any CPU.ActiveCfg = Release|Any CPU
		{72A9AF57-9F56-4E89-9020-4EFACD51624B}.Release|Any CPU.Build.0 = Release|Any CPU
		{3D90B643-9F76-434C-BE87-8E74BCF63972}.Debug|Any CPU.ActiveCfg = Debug|Any CPU
		{3D90B643-9F76-434C-BE87-8E74BCF63972}.Debug|Any CPU.Build.0 = Debug|Any CPU
		{3D90B643-9F76-434C-BE87-8E74BCF63972}.Release|Any CPU.ActiveCfg = Release|Any CPU
		{3D90B643-9F76-434C-BE87-8E74BCF63972}.Release|Any CPU.Build.0 = Release|Any CPU
		{8AFCEDCE-CA3F-4982-A5DE-89973E2EF94A}.Debug|Any CPU.ActiveCfg = Debug|Any CPU
		{8AFCEDCE-CA3F-4982-A5DE-89973E2EF94A}.Debug|Any CPU.Build.0 = Debug|Any CPU
		{8AFCEDCE-CA3F-4982-A5DE-89973E2EF94A}.Release|Any CPU.ActiveCfg = Release|Any CPU
		{8AFCEDCE-CA3F-4982-A5DE-89973E2EF94A}.Release|Any CPU.Build.0 = Release|Any CPU
		{27967A2A-260B-4945-9411-F5F97187F4C1}.Debug|Any CPU.ActiveCfg = Debug|Any CPU
		{27967A2A-260B-4945-9411-F5F97187F4C1}.Debug|Any CPU.Build.0 = Debug|Any CPU
		{27967A2A-260B-4945-9411-F5F97187F4C1}.Release|Any CPU.ActiveCfg = Release|Any CPU
		{27967A2A-260B-4945-9411-F5F97187F4C1}.Release|Any CPU.Build.0 = Release|Any CPU
		{F1C10ECF-908D-4E43-8F98-4A14816959E0}.Debug|Any CPU.ActiveCfg = Debug|Any CPU
		{F1C10ECF-908D-4E43-8F98-4A14816959E0}.Debug|Any CPU.Build.0 = Debug|Any CPU
		{F1C10ECF-908D-4E43-8F98-4A14816959E0}.Release|Any CPU.ActiveCfg = Release|Any CPU
		{F1C10ECF-908D-4E43-8F98-4A14816959E0}.Release|Any CPU.Build.0 = Release|Any CPU
		{12F49E33-2EE5-469D-AB92-A2615FF02799}.Debug|Any CPU.ActiveCfg = Debug|Any CPU
		{12F49E33-2EE5-469D-AB92-A2615FF02799}.Debug|Any CPU.Build.0 = Debug|Any CPU
		{12F49E33-2EE5-469D-AB92-A2615FF02799}.Release|Any CPU.ActiveCfg = Release|Any CPU
		{12F49E33-2EE5-469D-AB92-A2615FF02799}.Release|Any CPU.Build.0 = Release|Any CPU
	EndGlobalSection
	GlobalSection(SolutionProperties) = preSolution
		HideSolutionNode = FALSE
	EndGlobalSection
	GlobalSection(NestedProjects) = preSolution
		{2C393D65-F5B1-4BC0-A361-C3ECE9EFFC68} = {B226164E-CB2B-49D5-8672-C47910892A32}
		{D999C209-CFB0-42A8-BC95-28DB7C042348} = {B226164E-CB2B-49D5-8672-C47910892A32}
		{AD0A2A71-7EC1-48E4-BF62-47E027614890} = {CEFE4DA8-E4D6-4A30-945B-921627160534}
		{B226164E-CB2B-49D5-8672-C47910892A32} = {CEFE4DA8-E4D6-4A30-945B-921627160534}
		{475F7C7E-DB2C-4454-BBB9-6CFFA8BF15B4} = {CEFE4DA8-E4D6-4A30-945B-921627160534}
		{72A9AF57-9F56-4E89-9020-4EFACD51624B} = {AD0A2A71-7EC1-48E4-BF62-47E027614890}
		{3D90B643-9F76-434C-BE87-8E74BCF63972} = {475F7C7E-DB2C-4454-BBB9-6CFFA8BF15B4}
		{8AFCEDCE-CA3F-4982-A5DE-89973E2EF94A} = {475F7C7E-DB2C-4454-BBB9-6CFFA8BF15B4}
		{27967A2A-260B-4945-9411-F5F97187F4C1} = {475F7C7E-DB2C-4454-BBB9-6CFFA8BF15B4}
		{F1C10ECF-908D-4E43-8F98-4A14816959E0} = {475F7C7E-DB2C-4454-BBB9-6CFFA8BF15B4}
		{12F49E33-2EE5-469D-AB92-A2615FF02799} = {475F7C7E-DB2C-4454-BBB9-6CFFA8BF15B4}
	EndGlobalSection
	GlobalSection(ExtensibilityGlobals) = postSolution
		SolutionGuid = {A31E498C-9A30-4198-8B4A-CD603DB60ABC}
	EndGlobalSection
EndGlobal
